{
  "version": 4,
  "terraform_version": "1.5.6",
  "serial": 7,
  "lineage": "061441b6-0041-65b8-4dc0-b516ab2aa5e3",
  "outputs": {
    "service_url": {
      "value": "https://ces-gpt-lqmwkd6klq-ey.a.run.app",
      "type": "string"
    }
  },
  "resources": [
    {
      "mode": "managed",
      "type": "google_cloud_run_service",
      "name": "chatbot_service",
      "provider": "provider[\"registry.terraform.io/hashicorp/google\"]",
      "instances": [
        {
          "schema_version": 2,
          "attributes": {
            "autogenerate_revision_name": false,
            "id": "locations/europe-west3/namespaces/steam-378309/services/ces-gpt",
            "location": "europe-west3",
            "metadata": [
              {
                "annotations": {},
                "effective_annotations": {
                  "run.googleapis.com/ingress": "all",
                  "run.googleapis.com/ingress-status": "all",
                  "run.googleapis.com/operation-id": "10194bd5-a605-42fe-829e-0e3a258b5e83",
                  "serving.knative.dev/creator": "ch.jasper1@gmail.com",
                  "serving.knative.dev/lastModifier": "ch.jasper1@gmail.com"
                },
                "effective_labels": {
                  "cloud.googleapis.com/location": "europe-west3",
                  "run.googleapis.com/satisfiesPzs": "true"
                },
                "generation": 1,
                "labels": {},
                "namespace": "steam-378309",
                "resource_version": "AAYbp+u+iGU",
                "self_link": "/apis/serving.knative.dev/v1/namespaces/949011922332/services/ces-gpt",
                "terraform_labels": {},
                "uid": "f7dd20ce-23e2-4a64-be9c-256a5aa8bf01"
              }
            ],
            "name": "ces-gpt",
            "project": "steam-378309",
            "status": [
              {
                "conditions": [
                  {
                    "message": "",
                    "reason": "",
                    "status": "True",
                    "type": "Ready"
                  },
                  {
                    "message": "",
                    "reason": "",
                    "status": "True",
                    "type": "ConfigurationsReady"
                  },
                  {
                    "message": "",
                    "reason": "",
                    "status": "True",
                    "type": "RoutesReady"
                  }
                ],
                "latest_created_revision_name": "ces-gpt-00001-94g",
                "latest_ready_revision_name": "ces-gpt-00001-94g",
                "observed_generation": 1,
                "traffic": [
                  {
                    "latest_revision": true,
                    "percent": 100,
                    "revision_name": "ces-gpt-00001-94g",
                    "tag": "",
                    "url": ""
                  }
                ],
                "url": "https://ces-gpt-lqmwkd6klq-ey.a.run.app"
              }
            ],
            "template": [
              {
                "metadata": [
                  {
                    "annotations": {
                      "autoscaling.knative.dev/maxScale": "100"
                    },
                    "generation": 0,
                    "labels": {
                      "run.googleapis.com/startupProbeType": "Default"
                    },
                    "name": "",
                    "namespace": "",
                    "resource_version": "",
                    "self_link": "",
                    "uid": ""
                  }
                ],
                "spec": [
                  {
                    "container_concurrency": 80,
                    "containers": [
                      {
                        "args": null,
                        "command": null,
                        "env": [
                          {
                            "name": "BUCKET_NAME",
                            "value": "ces-gpt-uploads-378309",
                            "value_from": []
                          },
                          {
                            "name": "CHATS_COLLECTION",
                            "value": "chats",
                            "value_from": []
                          },
                          {
                            "name": "DOC_METADATA_COLLECTION",
                            "value": "doc-metadata",
                            "value_from": []
                          },
                          {
                            "name": "FIRESTORE_DB",
                            "value": "ces-gpt-db",
                            "value_from": []
                          },
                          {
                            "name": "GEMINI_MODEL",
                            "value": "gemini-1.5-flash-001",
                            "value_from": []
                          },
                          {
                            "name": "GEMINI_PROJECT_ID",
                            "value": "steam-378309",
                            "value_from": []
                          },
                          {
                            "name": "PROJECT_ID",
                            "value": "steam-378309",
                            "value_from": []
                          }
                        ],
                        "env_from": [],
                        "image": "europe-west3-docker.pkg.dev/steam-378309/gulch/cb:latest",
                        "liveness_probe": [],
                        "name": "",
                        "ports": [
                          {
                            "container_port": 8080,
                            "name": "http1",
                            "protocol": ""
                          }
                        ],
                        "resources": [
                          {
                            "limits": {
                              "cpu": "1000m",
                              "memory": "512Mi"
                            },
                            "requests": {}
                          }
                        ],
                        "startup_probe": [
                          {
                            "failure_threshold": 1,
                            "grpc": [],
                            "http_get": [],
                            "initial_delay_seconds": 0,
                            "period_seconds": 240,
                            "tcp_socket": [
                              {
                                "port": 8080
                              }
                            ],
                            "timeout_seconds": 240
                          }
                        ],
                        "volume_mounts": [],
                        "working_dir": ""
                      }
                    ],
                    "service_account_name": "949011922332-compute@developer.gserviceaccount.com",
                    "serving_state": "",
                    "timeout_seconds": 300,
                    "volumes": []
                  }
                ]
              }
            ],
            "timeouts": null,
            "traffic": [
              {
                "latest_revision": true,
                "percent": 100,
                "revision_name": "",
                "tag": "",
                "url": ""
              }
            ]
          },
          "sensitive_attributes": [],
          "private": "eyJlMmJmYjczMC1lY2FhLTExZTYtOGY4OC0zNDM2M2JjN2M0YzAiOnsiY3JlYXRlIjoxMjAwMDAwMDAwMDAwLCJkZWxldGUiOjEyMDAwMDAwMDAwMDAsInVwZGF0ZSI6MTIwMDAwMDAwMDAwMH0sInNjaGVtYV92ZXJzaW9uIjoiMiJ9"
        }
      ]
    },
    {
      "mode": "managed",
      "type": "google_cloud_run_service_iam_member",
      "name": "public_access",
      "provider": "provider[\"registry.terraform.io/hashicorp/google\"]",
      "instances": [
        {
          "schema_version": 0,
          "attributes": {
            "condition": [],
            "etag": "BwYbp+xGRSQ=",
            "id": "v1/projects/steam-378309/locations/europe-west3/services/ces-gpt/roles/run.invoker/allUsers",
            "location": "europe-west3",
            "member": "allUsers",
            "project": "steam-378309",
            "role": "roles/run.invoker",
            "service": "v1/projects/steam-378309/locations/europe-west3/services/ces-gpt"
          },
          "sensitive_attributes": [],
          "private": "bnVsbA==",
          "dependencies": [
            "google_cloud_run_service.chatbot_service"
          ]
        }
      ]
    },
    {
      "mode": "managed",
      "type": "google_firestore_database",
      "name": "database",
      "provider": "provider[\"registry.terraform.io/hashicorp/google\"]",
      "instances": [
        {
          "schema_version": 0,
          "attributes": {
            "app_engine_integration_mode": "DISABLED",
            "concurrency_mode": "PESSIMISTIC",
            "create_time": "",
            "delete_protection_state": "DELETE_PROTECTION_DISABLED",
            "deletion_policy": "ABANDON",
            "earliest_version_time": "2024-06-24T19:37:50.355815Z",
            "etag": "IL+Mtdr+9IYDMOeaj9X+9IYD",
            "id": "projects/steam-378309/databases/ces-gpt-db",
            "key_prefix": "",
            "location_id": "europe-west3",
            "name": "ces-gpt-db",
            "point_in_time_recovery_enablement": "POINT_IN_TIME_RECOVERY_DISABLED",
            "project": "steam-378309",
            "timeouts": null,
            "type": "FIRESTORE_NATIVE",
            "uid": "f1b966e6-19b7-46c0-84df-ec455f1657bb",
            "update_time": "",
            "version_retention_period": "3600s"
          },
          "sensitive_attributes": [],
          "private": "eyJlMmJmYjczMC1lY2FhLTExZTYtOGY4OC0zNDM2M2JjN2M0YzAiOnsiY3JlYXRlIjoxMjAwMDAwMDAwMDAwLCJkZWxldGUiOjEyMDAwMDAwMDAwMDAsInVwZGF0ZSI6MTIwMDAwMDAwMDAwMH19"
        }
      ]
    },
    {
      "mode": "managed",
      "type": "google_storage_bucket",
      "name": "document_bucket",
      "provider": "provider[\"registry.terraform.io/hashicorp/google\"]",
      "instances": [
        {
          "schema_version": 1,
          "attributes": {
            "autoclass": [],
            "cors": [],
            "custom_placement_config": [],
            "default_event_based_hold": false,
            "effective_labels": {},
            "enable_object_retention": false,
            "encryption": [],
            "force_destroy": false,
            "id": "ces-gpt-uploads-378309",
            "labels": null,
            "lifecycle_rule": [],
            "location": "EUROPE-WEST3",
            "logging": [],
            "name": "ces-gpt-uploads-378309",
            "project": "steam-378309",
            "project_number": 949011922332,
            "public_access_prevention": "inherited",
            "requester_pays": false,
            "retention_policy": [],
            "rpo": null,
            "self_link": "https://www.googleapis.com/storage/v1/b/ces-gpt-uploads-378309",
            "soft_delete_policy": [
              {
                "effective_time": "2024-06-24T19:37:41.490Z",
                "retention_duration_seconds": 604800
              }
            ],
            "storage_class": "STANDARD",
            "terraform_labels": {},
            "timeouts": null,
            "uniform_bucket_level_access": false,
            "url": "gs://ces-gpt-uploads-378309",
            "versioning": [],
            "website": []
          },
          "sensitive_attributes": [],
          "private": "eyJlMmJmYjczMC1lY2FhLTExZTYtOGY4OC0zNDM2M2JjN2M0YzAiOnsiY3JlYXRlIjo2MDAwMDAwMDAwMDAsInJlYWQiOjI0MDAwMDAwMDAwMCwidXBkYXRlIjoyNDAwMDAwMDAwMDB9LCJzY2hlbWFfdmVyc2lvbiI6IjEifQ=="
        }
      ]
    }
  ],
  "check_results": null
}
